
Microsoft Visual Studio Solution File, Format Version 12.00
# Visual Studio Version 16
VisualStudioVersion = 16.0.31702.278
MinimumVisualStudioVersion = 10.0.40219.1
Project("{FAE04EC0-301F-11D3-BF4B-00C04F79EFBC}") = "Vista.Sample.Utils.Library", "PrimeGenerator\Vista.Sample.Utils.Library.csproj", "{056E4B7E-F69B-4BBD-A97A-FC56260AC50E}"
EndProject
Global
	GlobalSection(SolutionConfigurationPlatforms) = preSolution
		Debug|Any CPU = Debug|Any CPU
		Release|Any CPU = Release|Any CPU
	EndGlobalSection
	GlobalSection(ProjectConfigurationPlatforms) = postSolution
		{056E4B7E-F69B-4BBD-A97A-FC56260AC50E}.Debug|Any CPU.ActiveCfg = Debug|Any CPU
		{056E4B7E-F69B-4BBD-A97A-FC56260AC50E}.Debug|Any CPU.Build.0 = Debug|Any CPU
		{056E4B7E-F69B-4BBD-A97A-FC56260AC50E}.Release|Any CPU.ActiveCfg = Release|Any CPU
		{056E4B7E-F69B-4BBD-A97A-FC56260AC50E}.Release|Any CPU.Build.0 = Release|Any CPU
	EndGlobalSection
	GlobalSection(SolutionProperties) = preSolution
		HideSolutionNode = FALSE
	EndGlobalSection
	GlobalSection(ExtensibilityGlobals) = postSolution
		SolutionGuid = {1D0E180F-0186-49F9-90F7-A1A571A4B8C9}
	EndGlobalSection
EndGlobal
